
Microsoft Visual Studio Solution File, Format Version 12.00
# Visual Studio Version 16
VisualStudioVersion = 16.0.31624.102
MinimumVisualStudioVersion = 10.0.40219.1
Project("{FAE04EC0-301F-11D3-BF4B-00C04F79EFBC}") = "vs-2019-github-userexperience", "vs-2019-github-userexperience\vs-2019-github-userexperience.csproj", "{5D1B6802-E4A6-48A5-8DAC-41E6F1810F50}"
EndProject
Global
	GlobalSection(SolutionConfigurationPlatforms) = preSolution
		Debug|Any CPU = Debug|Any CPU
		Release|Any CPU = Release|Any CPU
	EndGlobalSection
	GlobalSection(ProjectConfigurationPlatforms) = postSolution
		{5D1B6802-E4A6-48A5-8DAC-41E6F1810F50}.Debug|Any CPU.ActiveCfg = Debug|Any CPU
		{5D1B6802-E4A6-48A5-8DAC-41E6F1810F50}.Debug|Any CPU.Build.0 = Debug|Any CPU
		{5D1B6802-E4A6-48A5-8DAC-41E6F1810F50}.Release|Any CPU.ActiveCfg = Release|Any CPU
		{5D1B6802-E4A6-48A5-8DAC-41E6F1810F50}.Release|Any CPU.Build.0 = Release|Any CPU
	EndGlobalSection
	GlobalSection(SolutionProperties) = preSolution
		HideSolutionNode = FALSE
	EndGlobalSection
	GlobalSection(ExtensibilityGlobals) = postSolution
		SolutionGuid = {B574FE19-1208-4938-B369-01A7F840BEF6}
	EndGlobalSection
EndGlobal
